
Microsoft Visual Studio Solution File, Format Version 12.00
# Visual Studio Version 17
VisualStudioVersion = 17.9.34728.123
MinimumVisualStudioVersion = 10.0.40219.1
Project("{2150E333-8FDC-42A3-9474-1A3956D46DE8}") = "Creational", "Creational", "{4D2F38DB-9A2A-4D40-ABCC-4C915EFA7C97}"
EndProject
Project("{2150E333-8FDC-42A3-9474-1A3956D46DE8}") = "Singleton", "Singleton", "{4806507C-C74D-42A1-9BEF-38EABCD6FD8E}"
EndProject
Project("{9A19103F-16F7-4668-BE54-9A1E7A4F7556}") = "App", "Creational\Singleton\App\App.csproj", "{B2FE2A4C-00DE-4B97-AB94-7F6C3C3D51E8}"
EndProject
Project("{9A19103F-16F7-4668-BE54-9A1E7A4F7556}") = "LazyAndMonitor", "Creational\Singleton\LazyAndMonitor\LazyAndMonitor.csproj", "{24C1404F-7041-4274-81DE-B0357164BC6A}"
EndProject
Project("{2150E333-8FDC-42A3-9474-1A3956D46DE8}") = "FactoryMethod", "FactoryMethod", "{C56A9A9C-DDEC-4A28-9C11-701D01CD52C7}"
EndProject
Project("{9A19103F-16F7-4668-BE54-9A1E7A4F7556}") = "CarManufacturer", "Creational\FactoryMethod\CarManufacturer\CarManufacturer.csproj", "{D1E53AA7-0E22-4100-9171-B47535A3A0EB}"
EndProject
Project("{2150E333-8FDC-42A3-9474-1A3956D46DE8}") = "AbstractFactory", "AbstractFactory", "{4B747476-1D03-4E65-AAC1-F02BF0E16AF5}"
EndProject
Project("{FAE04EC0-301F-11D3-BF4B-00C04F79EFBC}") = "CellPhoneManufacturer", "Creational\AbstractFactory\CellPhoneManufacturer\CellPhoneManufacturer.csproj", "{9F299A00-E038-4BBC-A45B-9A1E25A9CB74}"
EndProject
Global
	GlobalSection(SolutionConfigurationPlatforms) = preSolution
		Debug|Any CPU = Debug|Any CPU
		Release|Any CPU = Release|Any CPU
	EndGlobalSection
	GlobalSection(ProjectConfigurationPlatforms) = postSolution
		{B2FE2A4C-00DE-4B97-AB94-7F6C3C3D51E8}.Debug|Any CPU.ActiveCfg = Debug|Any CPU
		{B2FE2A4C-00DE-4B97-AB94-7F6C3C3D51E8}.Debug|Any CPU.Build.0 = Debug|Any CPU
		{B2FE2A4C-00DE-4B97-AB94-7F6C3C3D51E8}.Release|Any CPU.ActiveCfg = Release|Any CPU
		{B2FE2A4C-00DE-4B97-AB94-7F6C3C3D51E8}.Release|Any CPU.Build.0 = Release|Any CPU
		{24C1404F-7041-4274-81DE-B0357164BC6A}.Debug|Any CPU.ActiveCfg = Debug|Any CPU
		{24C1404F-7041-4274-81DE-B0357164BC6A}.Debug|Any CPU.Build.0 = Debug|Any CPU
		{24C1404F-7041-4274-81DE-B0357164BC6A}.Release|Any CPU.ActiveCfg = Release|Any CPU
		{24C1404F-7041-4274-81DE-B0357164BC6A}.Release|Any CPU.Build.0 = Release|Any CPU
		{D1E53AA7-0E22-4100-9171-B47535A3A0EB}.Debug|Any CPU.ActiveCfg = Debug|Any CPU
		{D1E53AA7-0E22-4100-9171-B47535A3A0EB}.Debug|Any CPU.Build.0 = Debug|Any CPU
		{D1E53AA7-0E22-4100-9171-B47535A3A0EB}.Release|Any CPU.ActiveCfg = Release|Any CPU
		{D1E53AA7-0E22-4100-9171-B47535A3A0EB}.Release|Any CPU.Build.0 = Release|Any CPU
		{9F299A00-E038-4BBC-A45B-9A1E25A9CB74}.Debug|Any CPU.ActiveCfg = Debug|Any CPU
		{9F299A00-E038-4BBC-A45B-9A1E25A9CB74}.Debug|Any CPU.Build.0 = Debug|Any CPU
		{9F299A00-E038-4BBC-A45B-9A1E25A9CB74}.Release|Any CPU.ActiveCfg = Release|Any CPU
		{9F299A00-E038-4BBC-A45B-9A1E25A9CB74}.Release|Any CPU.Build.0 = Release|Any CPU
	EndGlobalSection
	GlobalSection(SolutionProperties) = preSolution
		HideSolutionNode = FALSE
	EndGlobalSection
	GlobalSection(NestedProjects) = preSolution
		{4806507C-C74D-42A1-9BEF-38EABCD6FD8E} = {4D2F38DB-9A2A-4D40-ABCC-4C915EFA7C97}
		{B2FE2A4C-00DE-4B97-AB94-7F6C3C3D51E8} = {4806507C-C74D-42A1-9BEF-38EABCD6FD8E}
		{24C1404F-7041-4274-81DE-B0357164BC6A} = {4806507C-C74D-42A1-9BEF-38EABCD6FD8E}
		{C56A9A9C-DDEC-4A28-9C11-701D01CD52C7} = {4D2F38DB-9A2A-4D40-ABCC-4C915EFA7C97}
		{D1E53AA7-0E22-4100-9171-B47535A3A0EB} = {C56A9A9C-DDEC-4A28-9C11-701D01CD52C7}
		{4B747476-1D03-4E65-AAC1-F02BF0E16AF5} = {4D2F38DB-9A2A-4D40-ABCC-4C915EFA7C97}
		{9F299A00-E038-4BBC-A45B-9A1E25A9CB74} = {4B747476-1D03-4E65-AAC1-F02BF0E16AF5}
	EndGlobalSection
	GlobalSection(ExtensibilityGlobals) = postSolution
		SolutionGuid = {9E656681-A371-46CD-8D34-42FD85FB67AE}
	EndGlobalSection
EndGlobal
